# THIS IS AN AUTOGENERATED FILE. DO NOT EDIT THIS FILE DIRECTLY.
# yarn lockfile v1


"@hotwired/stimulus@^3.0.1":
  "integrity" "sha512-oHsJhgY2cip+K2ED7vKUNd2P+BEswVhrCYcJ802DSsblJFv7mPFVk3cQKvm2vHgHeDVdnj7oOKrBbzp1u8D+KA=="
  "resolved" "https://registry.npmjs.org/@hotwired/stimulus/-/stimulus-3.0.1.tgz"
  "version" "3.0.1"

"@hotwired/turbo-rails@^7.1.1":
  "integrity" "sha512-ZXpxUjCfkdbuXfoGrsFK80qsVzACs8xCfie9rt2jMTSN6o1olXVA0Nrk8u02yNEwSiVJm/4QSOa8cUcMj6VQjg=="
  "resolved" "https://registry.npmjs.org/@hotwired/turbo-rails/-/turbo-rails-7.1.1.tgz"
  "version" "7.1.1"
  dependencies:
    "@hotwired/turbo" "^7.1.0"
    "@rails/actioncable" "^7.0"

"@hotwired/turbo@^7.1.0":
  "integrity" "sha512-Q8kGjqwPqER+CtpQudbH+3Zgs2X4zb6pBAlr6NsKTXadg45pAOvxI9i4QpuHbwSzR2+x87HUm+rot9F/Pe8rxA=="
  "resolved" "https://registry.npmjs.org/@hotwired/turbo/-/turbo-7.1.0.tgz"
  "version" "7.1.0"

"@rails/actioncable@^7.0":
  "integrity" "sha512-G26maXW1Kx0LxQdmNNuNjQlRO/QlXNr3QfuwKiOKb5FZQGYe2OwtHTGXBAjSoiu4dW36XYMT/+L1Wo1Yov4ZXA=="
  "resolved" "https://registry.npmjs.org/@rails/actioncable/-/actioncable-7.0.2.tgz"
  "version" "7.0.2"

"esbuild-darwin-arm64@0.14.31":
  "integrity" "sha512-1ZMog4hkNsdBGtDDtsftUqX6S9N52gEx4vX5aVehsSptgoBFIar1XrPiBTQty7YNH+bJasTpSVaZQgElCVvPKQ=="
  "resolved" "https://registry.npmjs.org/esbuild-darwin-arm64/-/esbuild-darwin-arm64-0.14.31.tgz"
  "version" "0.14.31"

"esbuild@^0.14.31":
  "integrity" "sha512-QA0fUM13+JZzcvg1bdrhi7wo8Lr5IRHA9ypNn2znqxGqb66dSK6pAh01TjyBOhzZGazPQJZ1K26VrCAQJ715qA=="
  "resolved" "https://registry.npmjs.org/esbuild/-/esbuild-0.14.31.tgz"
  "version" "0.14.31"
  optionalDependencies:
    "esbuild-android-64" "0.14.31"
    "esbuild-android-arm64" "0.14.31"
    "esbuild-darwin-64" "0.14.31"
    "esbuild-darwin-arm64" "0.14.31"
    "esbuild-freebsd-64" "0.14.31"
    "esbuild-freebsd-arm64" "0.14.31"
    "esbuild-linux-32" "0.14.31"
    "esbuild-linux-64" "0.14.31"
    "esbuild-linux-arm" "0.14.31"
    "esbuild-linux-arm64" "0.14.31"
    "esbuild-linux-mips64le" "0.14.31"
    "esbuild-linux-ppc64le" "0.14.31"
    "esbuild-linux-riscv64" "0.14.31"
    "esbuild-linux-s390x" "0.14.31"
    "esbuild-netbsd-64" "0.14.31"
    "esbuild-openbsd-64" "0.14.31"
    "esbuild-sunos-64" "0.14.31"
    "esbuild-windows-32" "0.14.31"
    "esbuild-windows-64" "0.14.31"
    "esbuild-windows-arm64" "0.14.31"
